
Microsoft Visual Studio Solution File, Format Version 12.00
# Visual Studio Version 16
VisualStudioVersion = 16.0.29806.167
MinimumVisualStudioVersion = 10.0.40219.1
Project("{FAE04EC0-301F-11D3-BF4B-00C04F79EFBC}") = "PracticaIPS", "PracticaIPS\PracticaIPS.csproj", "{7499139B-9C4F-4E36-9B70-C4B6A69CF39A}"
EndProject
Project("{FAE04EC0-301F-11D3-BF4B-00C04F79EFBC}") = "BLL", "BLL\BLL.csproj", "{AC6FBB0A-59C5-43AE-A7BC-8A196D4BE629}"
EndProject
Project("{FAE04EC0-301F-11D3-BF4B-00C04F79EFBC}") = "Entity", "Entity\Entity.csproj", "{EAEFFA44-FC8D-4EFE-98F8-E5EFB0DAA3A8}"
EndProject
Project("{FAE04EC0-301F-11D3-BF4B-00C04F79EFBC}") = "DAL", "DAL\DAL.csproj", "{2817B3D1-51C1-4CC8-966A-A31C6404703C}"
EndProject
Project("{FAE04EC0-301F-11D3-BF4B-00C04F79EFBC}") = "PracticaIPS-GUI", "PracticaIPS-GUI\PracticaIPS-GUI.csproj", "{872A4879-EF3E-474C-84CF-88DB43A4724F}"
EndProject
Global
	GlobalSection(SolutionConfigurationPlatforms) = preSolution
		Debug|Any CPU = Debug|Any CPU
		Release|Any CPU = Release|Any CPU
	EndGlobalSection
	GlobalSection(ProjectConfigurationPlatforms) = postSolution
		{7499139B-9C4F-4E36-9B70-C4B6A69CF39A}.Debug|Any CPU.ActiveCfg = Debug|Any CPU
		{7499139B-9C4F-4E36-9B70-C4B6A69CF39A}.Debug|Any CPU.Build.0 = Debug|Any CPU
		{7499139B-9C4F-4E36-9B70-C4B6A69CF39A}.Release|Any CPU.ActiveCfg = Release|Any CPU
		{7499139B-9C4F-4E36-9B70-C4B6A69CF39A}.Release|Any CPU.Build.0 = Release|Any CPU
		{AC6FBB0A-59C5-43AE-A7BC-8A196D4BE629}.Debug|Any CPU.ActiveCfg = Debug|Any CPU
		{AC6FBB0A-59C5-43AE-A7BC-8A196D4BE629}.Debug|Any CPU.Build.0 = Debug|Any CPU
		{AC6FBB0A-59C5-43AE-A7BC-8A196D4BE629}.Release|Any CPU.ActiveCfg = Release|Any CPU
		{AC6FBB0A-59C5-43AE-A7BC-8A196D4BE629}.Release|Any CPU.Build.0 = Release|Any CPU
		{EAEFFA44-FC8D-4EFE-98F8-E5EFB0DAA3A8}.Debug|Any CPU.ActiveCfg = Debug|Any CPU
		{EAEFFA44-FC8D-4EFE-98F8-E5EFB0DAA3A8}.Debug|Any CPU.Build.0 = Debug|Any CPU
		{EAEFFA44-FC8D-4EFE-98F8-E5EFB0DAA3A8}.Release|Any CPU.ActiveCfg = Release|Any CPU
		{EAEFFA44-FC8D-4EFE-98F8-E5EFB0DAA3A8}.Release|Any CPU.Build.0 = Release|Any CPU
		{2817B3D1-51C1-4CC8-966A-A31C6404703C}.Debug|Any CPU.ActiveCfg = Debug|Any CPU
		{2817B3D1-51C1-4CC8-966A-A31C6404703C}.Debug|Any CPU.Build.0 = Debug|Any CPU
		{2817B3D1-51C1-4CC8-966A-A31C6404703C}.Release|Any CPU.ActiveCfg = Release|Any CPU
		{2817B3D1-51C1-4CC8-966A-A31C6404703C}.Release|Any CPU.Build.0 = Release|Any CPU
		{872A4879-EF3E-474C-84CF-88DB43A4724F}.Debug|Any CPU.ActiveCfg = Debug|Any CPU
		{872A4879-EF3E-474C-84CF-88DB43A4724F}.Debug|Any CPU.Build.0 = Debug|Any CPU
		{872A4879-EF3E-474C-84CF-88DB43A4724F}.Release|Any CPU.ActiveCfg = Release|Any CPU
		{872A4879-EF3E-474C-84CF-88DB43A4724F}.Release|Any CPU.Build.0 = Release|Any CPU
	EndGlobalSection
	GlobalSection(SolutionProperties) = preSolution
		HideSolutionNode = FALSE
	EndGlobalSection
	GlobalSection(ExtensibilityGlobals) = postSolution
		SolutionGuid = {21D5E060-017A-48B7-9F12-D0A5B7A61020}
	EndGlobalSection
EndGlobal
